<?xml version="1.0" encoding="utf-8"?>
<Project ToolsVersion="4.0" xmlns="http://schemas.microsoft.com/developer/msbuild/2003">
  <ItemGroup>
    <Filter Include="Practice">
      <UniqueIdentifier>{fa13f3d5-7199-4a36-a323-b72e0c5a39a5}</UniqueIdentifier>
    </Filter>
  </ItemGroup>
  <ItemGroup>
    <ClCompile Include="pracrice.cpp">
      <Filter>Practice</Filter>
    </ClCompile>
    <ClCompile Include="Animation.cpp">
      <Filter>Practice</Filter>
    </ClCompile>
  </ItemGroup>
  <ItemGroup>
    <ClInclude Include="Animation.h">
      <Filter>Practice</Filter>
    </ClInclude>
  </ItemGroup>
</Project>