<?xml version="1.0" encoding="utf-8"?>
<Project ToolsVersion="4.0" xmlns="http://schemas.microsoft.com/developer/msbuild/2003">
  <ItemGroup>
    <Filter Include="Practice">
      <UniqueIdentifier>{fa13f3d5-7199-4a36-a323-b72e0c5a39a5}</UniqueIdentifier>
    </Filter>
  </ItemGroup>
  <ItemGroup>
    <ClCompile Include="pracrice.cpp">
      <Filter>Practice</Filter>
    </ClCompile>
    <ClCompile Include="Animation.cpp">
      <Filter>Practice</Filter>
    </ClCompile>
    <ClCompile Include="Entities.cpp" />
    <ClCompile Include="Graphics.cpp" />
    <ClCompile Include="Physics.cpp" />
    <ClCompile Include="pracrice_Day2.cpp" />
    <ClCompile Include="SlimeEntity.cpp" />
    <ClCompile Include="Observer.cpp" />
    <ClCompile Include="Timer.cpp" />
    <ClCompile Include="EntitiesPool.cpp" />
    <ClCompile Include="game.cpp" />
    <ClCompile Include="HeroEntity.cpp" />
    <ClCompile Include="LivesEntity.cpp" />
    <ClCompile Include="ScoreEntity.cpp" />
  </ItemGroup>
  <ItemGroup>
    <ClInclude Include="Animation.h">
      <Filter>Practice</Filter>
    </ClInclude>
    <ClInclude Include="Entities.h" />
    <ClInclude Include="Graphics.h" />
    <ClInclude Include="Physics.h" />
    <ClInclude Include="SlimeEntity.h" />
    <ClInclude Include="Config.h" />
    <ClInclude Include="Observer.h" />
    <ClInclude Include="Timer.h" />
    <ClInclude Include="EntitiesPool.h" />
    <ClInclude Include="game.h" />
    <ClInclude Include="HeroEntity.h" />
    <ClInclude Include="LivesEntity.h" />
    <ClInclude Include="ScoreEntity.h" />
  </ItemGroup>
</Project>